{
  "name": "redis-pub-sub",
  "version": "1.0.0",
  "lockfileVersion": 1,
  "requires": true,
  "dependencies": {
    "@tinyhttp/accepts": {
      "version": "2.0.5",
      "resolved": "https://registry.npmjs.org/@tinyhttp/accepts/-/accepts-2.0.5.tgz",
      "integrity": "sha512-Y3s/uJ+Ju+joEOniWCjNvLh+f+V30pdO3eWniQLEZUD07YK19NPzq4lUiJrFd/OveWA6axZa1rd8gcXCdOxxAg==",
      "requires": {
        "es-mime-types": "^0.1.4",
        "negotiator": "^0.6.2"
      }
    },
    "@tinyhttp/app": {
      "version": "2.0.16",
      "resolved": "https://registry.npmjs.org/@tinyhttp/app/-/app-2.0.16.tgz",
      "integrity": "sha512-wM02ZL1i0bvQQi2S2pgmalflN2dynfpZC6ZXeNz/AcAOP4uqASrAV0hF4ghlD/2zTu5vsApRRfba3Swjqwm4bw==",
      "requires": {
        "@tinyhttp/cookie": "2.0.3",
        "@tinyhttp/proxy-addr": "2.0.3",
        "@tinyhttp/req": "2.0.11",
        "@tinyhttp/res": "2.0.12",
        "@tinyhttp/router": "2.0.4",
        "header-range-parser": "1.1.1",
        "regexparam": "^2.0.0"
      }
    },
    "@tinyhttp/content-disposition": {
      "version": "2.0.5",
      "resolved": "https://registry.npmjs.org/@tinyhttp/content-disposition/-/content-disposition-2.0.5.tgz",
      "integrity": "sha512-glfgD8Ae1HwF7QntvD1jAr/ieHmGmU4drcH7AeXkK6uj/GyCSRw9yPgSfYqjBkEeP1hR19ZTDi5rrKMIFifesA=="
    },
    "@tinyhttp/cookie": {
      "version": "2.0.3",
      "resolved": "https://registry.npmjs.org/@tinyhttp/cookie/-/cookie-2.0.3.tgz",
      "integrity": "sha512-ZHvDHyNc0VwKLgFqwCNbrMObJqJHKQNnMARdPlK2+VvKVB3h/ZT5kYAXYFxxWFJFNqXaXz0E7i2kX32bMeMGUw=="
    },
    "@tinyhttp/cookie-signature": {
      "version": "2.0.2",
      "resolved": "https://registry.npmjs.org/@tinyhttp/cookie-signature/-/cookie-signature-2.0.2.tgz",
      "integrity": "sha512-lyIdDzLILp6T2fymJn9zKBgXwlZMIUiqMUIEd4x/ZGFNvnNs/zeYDBQFdAygBtv4Bgl5Zpf6tN+e6fkj6TlMYQ=="
    },
    "@tinyhttp/encode-url": {
      "version": "2.0.4",
      "resolved": "https://registry.npmjs.org/@tinyhttp/encode-url/-/encode-url-2.0.4.tgz",
      "integrity": "sha512-vnofujyKQc5JlsqwSoQVskDIST0zmz8CRwckm/i1PFfvpMqRgzgbS1yFXhUNlb2ZDV4mKknCt6nf6drhJSVbuA=="
    },
    "@tinyhttp/etag": {
      "version": "2.0.2",
      "resolved": "https://registry.npmjs.org/@tinyhttp/etag/-/etag-2.0.2.tgz",
      "integrity": "sha512-utxkv5skxWJESUAKZk7F11DcgBiE4vBXiPfnWZcGNZDa6T372V2ESUD2Y7fV85bsC1/4ZrnnmS7lg9Nd401oLw=="
    },
    "@tinyhttp/forwarded": {
      "version": "2.0.3",
      "resolved": "https://registry.npmjs.org/@tinyhttp/forwarded/-/forwarded-2.0.3.tgz",
      "integrity": "sha512-K3309+ZuIL4nEAtBbXmigeuRbVYdDGiusT2niP/bSJbtrRhaGSIifYucEYPnOYiUzh+uxn0QpsOOjSKUCF4cXQ=="
    },
    "@tinyhttp/proxy-addr": {
      "version": "2.0.3",
      "resolved": "https://registry.npmjs.org/@tinyhttp/proxy-addr/-/proxy-addr-2.0.3.tgz",
      "integrity": "sha512-Fm1DTq2k4fqdTwK+UQ+YR+0zwv2cIV1lIfaW/VYM6Za7vTJHAphilf5IPkjyBsdf9Fa/jDwHo8WCak6yI2I+jQ==",
      "requires": {
        "@tinyhttp/forwarded": "2.0.3",
        "ipaddr.js": "^2.0.1"
      }
    },
    "@tinyhttp/req": {
      "version": "2.0.11",
      "resolved": "https://registry.npmjs.org/@tinyhttp/req/-/req-2.0.11.tgz",
      "integrity": "sha512-Xaitcr2OKq0qqImG99jeDdH7wBEcCr0vkU/gogiCPRKwWp11vuXC0tKr8l4g8bKRK6dx/6thp8mFYnbhtJ8fKw==",
      "requires": {
        "@tinyhttp/accepts": "2.0.5",
        "@tinyhttp/type-is": "2.0.4",
        "@tinyhttp/url": "2.0.5",
        "es-fresh": "^0.0.10",
        "header-range-parser": "^1.1.1"
      }
    },
    "@tinyhttp/res": {
      "version": "2.0.12",
      "resolved": "https://registry.npmjs.org/@tinyhttp/res/-/res-2.0.12.tgz",
      "integrity": "sha512-paHOddeGK4uaLknzrUWfPaRjMVTsrj9BjvNqEUOwtXS7OiIaD1Bm5pdlivD3wFz6h8uKXMKSj6nNKla4rOrmiQ==",
      "requires": {
        "@tinyhttp/content-disposition": "2.0.5",
        "@tinyhttp/cookie": "2.0.3",
        "@tinyhttp/cookie-signature": "2.0.2",
        "@tinyhttp/encode-url": "2.0.4",
        "@tinyhttp/req": "2.0.11",
        "@tinyhttp/send": "2.0.3",
        "es-escape-html": "^0.1.1",
        "es-mime-types": "^0.1.4",
        "es-vary": "^0.1.1"
      }
    },
    "@tinyhttp/router": {
      "version": "2.0.4",
      "resolved": "https://registry.npmjs.org/@tinyhttp/router/-/router-2.0.4.tgz",
      "integrity": "sha512-mO8jWrB951UTkX8akzhHa5UMjQKleNhbQDnd4EZSA7VOXE9n28tqHmYgg1G/czDL6gwRl6Bppj5crJIbvMDGwg=="
    },
    "@tinyhttp/send": {
      "version": "2.0.3",
      "resolved": "https://registry.npmjs.org/@tinyhttp/send/-/send-2.0.3.tgz",
      "integrity": "sha512-oU4Q6NJzXJeOVCdYbgtOFlq5viEpKUFkZVpbF5AqFD64yzPp2vX9MuiSVvrIzL9Ls2qR+OzWsrwuXIkKzjW+xg==",
      "requires": {
        "@tinyhttp/etag": "2.0.2",
        "es-content-type": "^0.1.0",
        "es-mime-types": "^0.1.4"
      }
    },
    "@tinyhttp/type-is": {
      "version": "2.0.4",
      "resolved": "https://registry.npmjs.org/@tinyhttp/type-is/-/type-is-2.0.4.tgz",
      "integrity": "sha512-MpGt6ikISUVEhikmbv3tPgDNiy/9L3/WocR76bAIPp1JdyQlYqeQ1jCze5E3tPQ4gtTIb1rwdptHVBq4NkwwHw==",
      "requires": {
        "es-content-type": "^0.1.0",
        "es-mime-types": "^0.1.4"
      }
    },
    "@tinyhttp/url": {
      "version": "2.0.5",
      "resolved": "https://registry.npmjs.org/@tinyhttp/url/-/url-2.0.5.tgz",
      "integrity": "sha512-NXQAaUa7p5pgd1oUF5VuzLyqVVoMqNvraUI8QkSL0TlRSfgOVLg5PQ2xbk0TYU03SGwHm8w1ZBl9lymeJCLphg=="
    },
    "cluster-key-slot": {
      "version": "1.1.0",
      "resolved": "https://registry.npmjs.org/cluster-key-slot/-/cluster-key-slot-1.1.0.tgz",
      "integrity": "sha512-2Nii8p3RwAPiFwsnZvukotvow2rIHM+yQ6ZcBXGHdniadkYGZYiGmkHJIbZPIV9nfv7m/U1IPMVVcAhoWFeklw=="
    },
    "debug": {
      "version": "4.3.3",
      "resolved": "https://registry.npmjs.org/debug/-/debug-4.3.3.tgz",
      "integrity": "sha512-/zxw5+vh1Tfv+4Qn7a5nsbcJKPaSvCDhojn6FEl9vupwK2VCSDtEiEtqr8DFtzYFOdz63LBkxec7DYuc2jon6Q==",
      "requires": {
        "ms": "2.1.2"
      }
    },
    "denque": {
      "version": "1.5.1",
      "resolved": "https://registry.npmjs.org/denque/-/denque-1.5.1.tgz",
      "integrity": "sha512-XwE+iZ4D6ZUB7mfYRMb5wByE8L74HCn30FBN7sWnXksWc1LO1bPDl67pBR9o/kC4z/xSNAwkMYcGgqDV3BE3Hw=="
    },
    "es-content-type": {
      "version": "0.1.0",
      "resolved": "https://registry.npmjs.org/es-content-type/-/es-content-type-0.1.0.tgz",
      "integrity": "sha512-DqWU9pSzhNlO10q+NQ/KebImLkKbwbcy0pSv3hNQfEpKFHsrqDJz2vajpZdq7nkiG9DoJcTh22oHGymp7XJd9g=="
    },
    "es-escape-html": {
      "version": "0.1.1",
      "resolved": "https://registry.npmjs.org/es-escape-html/-/es-escape-html-0.1.1.tgz",
      "integrity": "sha512-yUx1o+8RsG7UlszmYPtks+dm6Lho2m8lgHMOsLJQsFI0R8XwUJwiMhM1M4E/S8QLeGyf6MkDV/pWgjQ0tdTSyQ=="
    },
    "es-fresh": {
      "version": "0.0.10",
      "resolved": "https://registry.npmjs.org/es-fresh/-/es-fresh-0.0.10.tgz",
      "integrity": "sha512-/e5etUqtxj7JktALldpsDNC84DOHavN9PqojnTTGeX1M2/Q4/SF8d55d7AsB3n66WYS43hdBbn0sAllto5kSIg=="
    },
    "es-mime-types": {
      "version": "0.1.4",
      "resolved": "https://registry.npmjs.org/es-mime-types/-/es-mime-types-0.1.4.tgz",
      "integrity": "sha512-rUrmfrUIHU/4ykYB+YH80LDiSpmn6sE/A9E8EsFZP4LCtf/PH+ju6d6goFJ8fsGf81pRtQn1cJSmp8JGA9YkfQ==",
      "requires": {
        "mime-db": "^1.50.0"
      }
    },
    "es-vary": {
      "version": "0.1.1",
      "resolved": "https://registry.npmjs.org/es-vary/-/es-vary-0.1.1.tgz",
      "integrity": "sha512-4UOWrTu8lz5otSyWxcS0LbYz8WyYOEiWHGkBIu0VfhTsY+vtc7+fOSDHsxtEUBeu7mDnTwqsKg5NEXeq5Da1Hg=="
    },
    "header-range-parser": {
      "version": "1.1.1",
      "resolved": "https://registry.npmjs.org/header-range-parser/-/header-range-parser-1.1.1.tgz",
      "integrity": "sha512-aVuAHdlgxPCMkOtKTdUoH72eAHEAqmZqA+oQxvDv1DkYS50KgCt218AYd89/+Pd7+TFQimzn/9LNVfUPEBbRDQ=="
    },
    "ioredis": {
      "version": "4.28.3",
      "resolved": "https://registry.npmjs.org/ioredis/-/ioredis-4.28.3.tgz",
      "integrity": "sha512-9JOWVgBnuSxpIgfpjc1OeY1OLmA4t2KOWWURTDRXky+eWO0LZhI33pQNT9gYxANUXfh5p/zYephYni6GPRsksQ==",
      "requires": {
        "cluster-key-slot": "^1.1.0",
        "debug": "^4.3.1",
        "denque": "^1.1.0",
        "lodash.defaults": "^4.2.0",
        "lodash.flatten": "^4.4.0",
        "lodash.isarguments": "^3.1.0",
        "p-map": "^2.1.0",
        "redis-commands": "1.7.0",
        "redis-errors": "^1.2.0",
        "redis-parser": "^3.0.0",
        "standard-as-callback": "^2.1.0"
      }
    },
    "ipaddr.js": {
      "version": "2.0.1",
      "resolved": "https://registry.npmjs.org/ipaddr.js/-/ipaddr.js-2.0.1.tgz",
      "integrity": "sha512-1qTgH9NG+IIJ4yfKs2e6Pp1bZg8wbDbKHT21HrLIeYBTRLgMYKnMTPAuI3Lcs61nfx5h1xlXnbJtH1kX5/d/ng=="
    },
    "lodash.defaults": {
      "version": "4.2.0",
      "resolved": "https://registry.npmjs.org/lodash.defaults/-/lodash.defaults-4.2.0.tgz",
      "integrity": "sha1-0JF4cW/+pN3p5ft7N/bwgCJ0WAw="
    },
    "lodash.flatten": {
      "version": "4.4.0",
      "resolved": "https://registry.npmjs.org/lodash.flatten/-/lodash.flatten-4.4.0.tgz",
      "integrity": "sha1-8xwiIlqWMtK7+OSt2+8kCqdlph8="
    },
    "lodash.isarguments": {
      "version": "3.1.0",
      "resolved": "https://registry.npmjs.org/lodash.isarguments/-/lodash.isarguments-3.1.0.tgz",
      "integrity": "sha1-L1c9hcaiQon/AGY7SRwdM4/zRYo="
    },
    "milliparsec": {
      "version": "2.2.0",
      "resolved": "https://registry.npmjs.org/milliparsec/-/milliparsec-2.2.0.tgz",
      "integrity": "sha512-XSFb2bjkmLSd76HEOvZSe+Ei6eWNeDpVU+f8w/XniI+xJlTacuVWCjB61kZNMbjJLcRPHpupfe4PBnDpM19xcA=="
    },
    "mime-db": {
      "version": "1.51.0",
      "resolved": "https://registry.npmjs.org/mime-db/-/mime-db-1.51.0.tgz",
      "integrity": "sha512-5y8A56jg7XVQx2mbv1lu49NR4dokRnhZYTtL+KGfaa27uq4pSTXkwQkFJl4pkRMyNFz/EtYDSkiiEHx3F7UN6g=="
    },
    "ms": {
      "version": "2.1.2",
      "resolved": "https://registry.npmjs.org/ms/-/ms-2.1.2.tgz",
      "integrity": "sha512-sGkPx+VjMtmA6MX27oA4FBFELFCZZ4S4XqeGOXCv68tT+jb3vk/RyaKWP0PTKyWtmLSM0b+adUTEvbs1PEaH2w=="
    },
    "negotiator": {
      "version": "0.6.3",
      "resolved": "https://registry.npmjs.org/negotiator/-/negotiator-0.6.3.tgz",
      "integrity": "sha512-+EUsqGPLsM+j/zdChZjsnX51g4XrHFOIXwfnCVPGlQk/k5giakcKsuxCObBRu6DSm9opw/O6slWbJdghQM4bBg=="
    },
    "p-map": {
      "version": "2.1.0",
      "resolved": "https://registry.npmjs.org/p-map/-/p-map-2.1.0.tgz",
      "integrity": "sha512-y3b8Kpd8OAN444hxfBbFfj1FY/RjtTd8tzYwhUqNYXx0fXx2iX4maP4Qr6qhIKbQXI02wTLAda4fYUbDagTUFw=="
    },
    "redis-commands": {
      "version": "1.7.0",
      "resolved": "https://registry.npmjs.org/redis-commands/-/redis-commands-1.7.0.tgz",
      "integrity": "sha512-nJWqw3bTFy21hX/CPKHth6sfhZbdiHP6bTawSgQBlKOVRG7EZkfHbbHwQJnrE4vsQf0CMNE+3gJ4Fmm16vdVlQ=="
    },
    "redis-errors": {
      "version": "1.2.0",
      "resolved": "https://registry.npmjs.org/redis-errors/-/redis-errors-1.2.0.tgz",
      "integrity": "sha1-62LSrbFeTq9GEMBK/hUpOEJQq60="
    },
    "redis-parser": {
      "version": "3.0.0",
      "resolved": "https://registry.npmjs.org/redis-parser/-/redis-parser-3.0.0.tgz",
      "integrity": "sha1-tm2CjNyv5rS4pCin3vTGvKwxyLQ=",
      "requires": {
        "redis-errors": "^1.0.0"
      }
    },
    "regexparam": {
      "version": "2.0.0",
      "resolved": "https://registry.npmjs.org/regexparam/-/regexparam-2.0.0.tgz",
      "integrity": "sha512-gJKwd2MVPWHAIFLsaYDZfyKzHNS4o7E/v8YmNf44vmeV2e4YfVoDToTOKTvE7ab68cRJ++kLuEXJBaEeJVt5ow=="
    },
    "standard-as-callback": {
      "version": "2.1.0",
      "resolved": "https://registry.npmjs.org/standard-as-callback/-/standard-as-callback-2.1.0.tgz",
      "integrity": "sha512-qoRRSyROncaz1z0mvYqIE4lCd9p2R90i6GxW3uZv5ucSu8tU7B5HXUP1gG8pVZsYNVaXjk8ClXHPttLyxAL48A=="
    }
  }
}
